
Microsoft Visual Studio Solution File, Format Version 12.00
# Visual Studio Version 16
VisualStudioVersion = 16.0.32630.194
MinimumVisualStudioVersion = 10.0.40219.1
Project("{FAE04EC0-301F-11D3-BF4B-00C04F79EFBC}") = "Point_Of_Sales", "Point_Of_Sales\Point_Of_Sales.csproj", "{971BB9E5-ABCA-473A-B836-DF3017594958}"
EndProject
Global
	GlobalSection(SolutionConfigurationPlatforms) = preSolution
		Debug|Any CPU = Debug|Any CPU
		Release|Any CPU = Release|Any CPU
	EndGlobalSection
	GlobalSection(ProjectConfigurationPlatforms) = postSolution
		{971BB9E5-ABCA-473A-B836-DF3017594958}.Debug|Any CPU.ActiveCfg = Debug|Any CPU
		{971BB9E5-ABCA-473A-B836-DF3017594958}.Debug|Any CPU.Build.0 = Debug|Any CPU
		{971BB9E5-ABCA-473A-B836-DF3017594958}.Release|Any CPU.ActiveCfg = Release|Any CPU
		{971BB9E5-ABCA-473A-B836-DF3017594958}.Release|Any CPU.Build.0 = Release|Any CPU
	EndGlobalSection
	GlobalSection(SolutionProperties) = preSolution
		HideSolutionNode = FALSE
	EndGlobalSection
	GlobalSection(ExtensibilityGlobals) = postSolution
		SolutionGuid = {30F011EF-5885-48AD-84B4-B4D6D3F60849}
	EndGlobalSection
EndGlobal
